
Microsoft Visual Studio Solution File, Format Version 12.00
# Visual Studio 15
VisualStudioVersion = 15.0.28010.2036
MinimumVisualStudioVersion = 10.0.40219.1
Project("{888888A0-9F3D-457C-B088-3A5042F75D52}") = "Django_SingingCV", "Django_SingingCV\Django_SingingCV.pyproj", "{7478019B-2D4E-460D-AAB0-E59C7333B492}"
EndProject
Global
	GlobalSection(SolutionConfigurationPlatforms) = preSolution
		Debug|Any CPU = Debug|Any CPU
		Release|Any CPU = Release|Any CPU
	EndGlobalSection
	GlobalSection(ProjectConfigurationPlatforms) = postSolution
		{7478019B-2D4E-460D-AAB0-E59C7333B492}.Debug|Any CPU.ActiveCfg = Debug|Any CPU
		{7478019B-2D4E-460D-AAB0-E59C7333B492}.Debug|Any CPU.Build.0 = Debug|Any CPU
		{7478019B-2D4E-460D-AAB0-E59C7333B492}.Release|Any CPU.ActiveCfg = Release|Any CPU
		{7478019B-2D4E-460D-AAB0-E59C7333B492}.Release|Any CPU.Build.0 = Release|Any CPU
	EndGlobalSection
	GlobalSection(SolutionProperties) = preSolution
		HideSolutionNode = FALSE
	EndGlobalSection
	GlobalSection(ExtensibilityGlobals) = postSolution
		SolutionGuid = {AEE00399-A580-4234-8F0F-0059D1D7F884}
	EndGlobalSection
EndGlobal
